
Microsoft Visual Studio Solution File, Format Version 12.00
# Visual Studio Version 17
VisualStudioVersion = 17.5.33516.290
MinimumVisualStudioVersion = 10.0.40219.1
Project("{FAE04EC0-301F-11D3-BF4B-00C04F79EFBC}") = "WebApplication3", "WebApplication3\WebApplication3.csproj", "{F700216D-3C70-4F1A-AFAE-C421858DF7B2}"
EndProject
Global
	GlobalSection(SolutionConfigurationPlatforms) = preSolution
		Debug|Any CPU = Debug|Any CPU
		Release|Any CPU = Release|Any CPU
	EndGlobalSection
	GlobalSection(ProjectConfigurationPlatforms) = postSolution
		{F700216D-3C70-4F1A-AFAE-C421858DF7B2}.Debug|Any CPU.ActiveCfg = Debug|Any CPU
		{F700216D-3C70-4F1A-AFAE-C421858DF7B2}.Debug|Any CPU.Build.0 = Debug|Any CPU
		{F700216D-3C70-4F1A-AFAE-C421858DF7B2}.Release|Any CPU.ActiveCfg = Release|Any CPU
		{F700216D-3C70-4F1A-AFAE-C421858DF7B2}.Release|Any CPU.Build.0 = Release|Any CPU
	EndGlobalSection
	GlobalSection(SolutionProperties) = preSolution
		HideSolutionNode = FALSE
	EndGlobalSection
	GlobalSection(ExtensibilityGlobals) = postSolution
		SolutionGuid = {4ACCFCF2-ECAB-4389-94AA-0AB25F629681}
	EndGlobalSection
EndGlobal
