
Microsoft Visual Studio Solution File, Format Version 12.00
# Visual Studio Version 17
VisualStudioVersion = 17.3.32901.215
MinimumVisualStudioVersion = 10.0.40219.1
Project("{8BC9CEB8-8B4A-11D0-8D11-00A0C91BC942}") = "structyr_lab_2", "structyr_lab_2\structyr_lab_2.vcxproj", "{2903D400-E239-459A-A910-0712FCAB3469}"
EndProject
Global
	GlobalSection(SolutionConfigurationPlatforms) = preSolution
		Debug|x64 = Debug|x64
		Debug|x86 = Debug|x86
		Release|x64 = Release|x64
		Release|x86 = Release|x86
	EndGlobalSection
	GlobalSection(ProjectConfigurationPlatforms) = postSolution
		{2903D400-E239-459A-A910-0712FCAB3469}.Debug|x64.ActiveCfg = Debug|x64
		{2903D400-E239-459A-A910-0712FCAB3469}.Debug|x64.Build.0 = Debug|x64
		{2903D400-E239-459A-A910-0712FCAB3469}.Debug|x86.ActiveCfg = Debug|Win32
		{2903D400-E239-459A-A910-0712FCAB3469}.Debug|x86.Build.0 = Debug|Win32
		{2903D400-E239-459A-A910-0712FCAB3469}.Release|x64.ActiveCfg = Release|x64
		{2903D400-E239-459A-A910-0712FCAB3469}.Release|x64.Build.0 = Release|x64
		{2903D400-E239-459A-A910-0712FCAB3469}.Release|x86.ActiveCfg = Release|Win32
		{2903D400-E239-459A-A910-0712FCAB3469}.Release|x86.Build.0 = Release|Win32
	EndGlobalSection
	GlobalSection(SolutionProperties) = preSolution
		HideSolutionNode = FALSE
	EndGlobalSection
	GlobalSection(ExtensibilityGlobals) = postSolution
		SolutionGuid = {9E029006-DEAC-4B12-A182-A2A1CD864D02}
	EndGlobalSection
EndGlobal
