
Microsoft Visual Studio Solution File, Format Version 12.00
# Visual Studio Version 17
VisualStudioVersion = 17.5.33516.290
MinimumVisualStudioVersion = 10.0.40219.1
Project("{FAE04EC0-301F-11D3-BF4B-00C04F79EFBC}") = "WorkWorkWorkAktyalShop", "WorkWorkWorkAktyalShop\WorkWorkWorkAktyalShop.csproj", "{2784C568-ED4B-4A45-88E2-F6BC8C88A234}"
EndProject
Global
	GlobalSection(SolutionConfigurationPlatforms) = preSolution
		Debug|Any CPU = Debug|Any CPU
		Release|Any CPU = Release|Any CPU
	EndGlobalSection
	GlobalSection(ProjectConfigurationPlatforms) = postSolution
		{2784C568-ED4B-4A45-88E2-F6BC8C88A234}.Debug|Any CPU.ActiveCfg = Debug|Any CPU
		{2784C568-ED4B-4A45-88E2-F6BC8C88A234}.Debug|Any CPU.Build.0 = Debug|Any CPU
		{2784C568-ED4B-4A45-88E2-F6BC8C88A234}.Release|Any CPU.ActiveCfg = Release|Any CPU
		{2784C568-ED4B-4A45-88E2-F6BC8C88A234}.Release|Any CPU.Build.0 = Release|Any CPU
	EndGlobalSection
	GlobalSection(SolutionProperties) = preSolution
		HideSolutionNode = FALSE
	EndGlobalSection
	GlobalSection(ExtensibilityGlobals) = postSolution
		SolutionGuid = {A3075E74-B5A4-431B-A1C3-A06095DD2AE0}
	EndGlobalSection
EndGlobal
