
Microsoft Visual Studio Solution File, Format Version 12.00
# Visual Studio Version 17
VisualStudioVersion = 17.5.33516.290
MinimumVisualStudioVersion = 10.0.40219.1
Project("{FAE04EC0-301F-11D3-BF4B-00C04F79EFBC}") = "ConsoleApp6", "ConsoleApp6\ConsoleApp6.csproj", "{0E850C45-B9E9-44D1-B811-A7C0179A084C}"
EndProject
Global
	GlobalSection(SolutionConfigurationPlatforms) = preSolution
		Debug|Any CPU = Debug|Any CPU
		Release|Any CPU = Release|Any CPU
	EndGlobalSection
	GlobalSection(ProjectConfigurationPlatforms) = postSolution
		{0E850C45-B9E9-44D1-B811-A7C0179A084C}.Debug|Any CPU.ActiveCfg = Debug|Any CPU
		{0E850C45-B9E9-44D1-B811-A7C0179A084C}.Debug|Any CPU.Build.0 = Debug|Any CPU
		{0E850C45-B9E9-44D1-B811-A7C0179A084C}.Release|Any CPU.ActiveCfg = Release|Any CPU
		{0E850C45-B9E9-44D1-B811-A7C0179A084C}.Release|Any CPU.Build.0 = Release|Any CPU
	EndGlobalSection
	GlobalSection(SolutionProperties) = preSolution
		HideSolutionNode = FALSE
	EndGlobalSection
	GlobalSection(ExtensibilityGlobals) = postSolution
		SolutionGuid = {CF3B8B11-B0E4-487E-AEDD-0EFD46CEC39A}
	EndGlobalSection
EndGlobal
